
Microsoft Visual Studio Solution File, Format Version 12.00
# Visual Studio Version 17
VisualStudioVersion = 17.5.002.0
MinimumVisualStudioVersion = 10.0.40219.1
Project("{9A19103F-16F7-4668-BE54-9A1E7A4F7556}") = "DesafioFundamentos", "DesafioFundamentos\DesafioFundamentos.csproj", "{D718E189-FB2F-4126-83DA-BD57B30B015B}"
EndProject
Global
	GlobalSection(SolutionConfigurationPlatforms) = preSolution
		Debug|Any CPU = Debug|Any CPU
		Release|Any CPU = Release|Any CPU
	EndGlobalSection
	GlobalSection(ProjectConfigurationPlatforms) = postSolution
		{D718E189-FB2F-4126-83DA-BD57B30B015B}.Debug|Any CPU.ActiveCfg = Debug|Any CPU
		{D718E189-FB2F-4126-83DA-BD57B30B015B}.Debug|Any CPU.Build.0 = Debug|Any CPU
		{D718E189-FB2F-4126-83DA-BD57B30B015B}.Release|Any CPU.ActiveCfg = Release|Any CPU
		{D718E189-FB2F-4126-83DA-BD57B30B015B}.Release|Any CPU.Build.0 = Release|Any CPU
	EndGlobalSection
	GlobalSection(SolutionProperties) = preSolution
		HideSolutionNode = FALSE
	EndGlobalSection
	GlobalSection(ExtensibilityGlobals) = postSolution
		SolutionGuid = {D42CBBA5-114E-4F32-ACE4-46038729405D}
	EndGlobalSection
EndGlobal
